
Microsoft Visual Studio Solution File, Format Version 12.00
# Visual Studio Version 16
VisualStudioVersion = 16.0.29326.143
MinimumVisualStudioVersion = 10.0.40219.1
Project("{9A19103F-16F7-4668-BE54-9A1E7A4F7556}") = "TimetableScreen.Configurator", "TimetableScreen.Configurator\TimetableScreen.Configurator.csproj", "{95BD2D4E-6B5F-44AE-85EB-1DFDAF3EC554}"
EndProject
Project("{9A19103F-16F7-4668-BE54-9A1E7A4F7556}") = "Test", "Test\Test.csproj", "{A876D737-20EE-4260-8370-89D217B7A528}"
	ProjectSection(ProjectDependencies) = postProject
		{95BD2D4E-6B5F-44AE-85EB-1DFDAF3EC554} = {95BD2D4E-6B5F-44AE-85EB-1DFDAF3EC554}
	EndProjectSection
EndProject
Project("{FAE04EC0-301F-11D3-BF4B-00C04F79EFBC}") = "TimetableScreen", "TimetableScreen\TimetableScreen.csproj", "{72613CF0-737D-4B1F-922E-505B6FB12AA6}"
	ProjectSection(ProjectDependencies) = postProject
		{95BD2D4E-6B5F-44AE-85EB-1DFDAF3EC554} = {95BD2D4E-6B5F-44AE-85EB-1DFDAF3EC554}
	EndProjectSection
EndProject
Global
	GlobalSection(SolutionConfigurationPlatforms) = preSolution
		Debug|Any CPU = Debug|Any CPU
		Release|Any CPU = Release|Any CPU
	EndGlobalSection
	GlobalSection(ProjectConfigurationPlatforms) = postSolution
		{95BD2D4E-6B5F-44AE-85EB-1DFDAF3EC554}.Debug|Any CPU.ActiveCfg = Debug|Any CPU
		{95BD2D4E-6B5F-44AE-85EB-1DFDAF3EC554}.Debug|Any CPU.Build.0 = Debug|Any CPU
		{95BD2D4E-6B5F-44AE-85EB-1DFDAF3EC554}.Release|Any CPU.ActiveCfg = Release|Any CPU
		{95BD2D4E-6B5F-44AE-85EB-1DFDAF3EC554}.Release|Any CPU.Build.0 = Release|Any CPU
		{A876D737-20EE-4260-8370-89D217B7A528}.Debug|Any CPU.ActiveCfg = Debug|Any CPU
		{A876D737-20EE-4260-8370-89D217B7A528}.Debug|Any CPU.Build.0 = Debug|Any CPU
		{A876D737-20EE-4260-8370-89D217B7A528}.Release|Any CPU.ActiveCfg = Release|Any CPU
		{A876D737-20EE-4260-8370-89D217B7A528}.Release|Any CPU.Build.0 = Release|Any CPU
		{72613CF0-737D-4B1F-922E-505B6FB12AA6}.Debug|Any CPU.ActiveCfg = Debug|Any CPU
		{72613CF0-737D-4B1F-922E-505B6FB12AA6}.Debug|Any CPU.Build.0 = Debug|Any CPU
		{72613CF0-737D-4B1F-922E-505B6FB12AA6}.Release|Any CPU.ActiveCfg = Release|Any CPU
		{72613CF0-737D-4B1F-922E-505B6FB12AA6}.Release|Any CPU.Build.0 = Release|Any CPU
	EndGlobalSection
	GlobalSection(SolutionProperties) = preSolution
		HideSolutionNode = FALSE
	EndGlobalSection
	GlobalSection(ExtensibilityGlobals) = postSolution
		SolutionGuid = {1A6DFBC3-EFD8-4AB3-97DC-2FFAF851353C}
	EndGlobalSection
EndGlobal
